// !$*UTF8*$!
{
	archiveVersion = 1;
	classes = {
	};
	objectVersion = 48;
	objects = {

/* Begin PBXBuildFile section */
		90B6AA861F77E82B002C6090 /* AppDelegate.swift in Sources */ = {isa = PBXBuildFile; fileRef = 90B6AA851F77E82B002C6090 /* AppDelegate.swift */; };
		90B6AA8B1F77E82B002C6090 /* Main.storyboard in Resources */ = {isa = PBXBuildFile; fileRef = 90B6AA891F77E82B002C6090 /* Main.storyboard */; };
		90B6AA8D1F77E82B002C6090 /* Assets.xcassets in Resources */ = {isa = PBXBuildFile; fileRef = 90B6AA8C1F77E82B002C6090 /* Assets.xcassets */; };
		90B6AA901F77E82B002C6090 /* LaunchScreen.storyboard in Resources */ = {isa = PBXBuildFile; fileRef = 90B6AA8E1F77E82B002C6090 /* LaunchScreen.storyboard */; };
		90B6AA9B1F77E82B002C6090 /* AvatarFromPhotosTests.swift in Sources */ = {isa = PBXBuildFile; fileRef = 90B6AA9A1F77E82B002C6090 /* AvatarFromPhotosTests.swift */; };
		90B6AAA61F77E82C002C6090 /* AvatarFromPhotosUITests.swift in Sources */ = {isa = PBXBuildFile; fileRef = 90B6AAA51F77E82C002C6090 /* AvatarFromPhotosUITests.swift */; };
		90B6AABB1F77E97A002C6090 /* LSPhotosViewController.swift in Sources */ = {isa = PBXBuildFile; fileRef = 90B6AABA1F77E97A002C6090 /* LSPhotosViewController.swift */; };
		90B6AABD1F77E992002C6090 /* LSAvatarEditorViewController.swift in Sources */ = {isa = PBXBuildFile; fileRef = 90B6AABC1F77E992002C6090 /* LSAvatarEditorViewController.swift */; };
		90B6AAC11F77EE2D002C6090 /* LSMainViewController.swift in Sources */ = {isa = PBXBuildFile; fileRef = 90B6AAC01F77EE2D002C6090 /* LSMainViewController.swift */; };
		90B6AAC61F77EF34002C6090 /* LSAvatarView.swift in Sources */ = {isa = PBXBuildFile; fileRef = 90B6AAC51F77EF34002C6090 /* LSAvatarView.swift */; };
		90B6AAC81F77EF52002C6090 /* LSPhotoCell.swift in Sources */ = {isa = PBXBuildFile; fileRef = 90B6AAC71F77EF52002C6090 /* LSPhotoCell.swift */; };
/* End PBXBuildFile section */

/* Begin PBXContainerItemProxy section */
		90B6AA971F77E82B002C6090 /* PBXContainerItemProxy */ = {
			isa = PBXContainerItemProxy;
			containerPortal = 90B6AA7A1F77E82B002C6090 /* Project object */;
			proxyType = 1;
			remoteGlobalIDString = 90B6AA811F77E82B002C6090;
			remoteInfo = AvatarFromPhotos;
		};
		90B6AAA21F77E82C002C6090 /* PBXContainerItemProxy */ = {
			isa = PBXContainerItemProxy;
			containerPortal = 90B6AA7A1F77E82B002C6090 /* Project object */;
			proxyType = 1;
			remoteGlobalIDString = 90B6AA811F77E82B002C6090;
			remoteInfo = AvatarFromPhotos;
		};
/* End PBXContainerItemProxy section */

/* Begin PBXFileReference section */
		90B6AA821F77E82B002C6090 /* AvatarFromPhotos.app */ = {isa = PBXFileReference; explicitFileType = wrapper.application; includeInIndex = 0; path = AvatarFromPhotos.app; sourceTree = BUILT_PRODUCTS_DIR; };
		90B6AA851F77E82B002C6090 /* AppDelegate.swift */ = {isa = PBXFileReference; lastKnownFileType = sourcecode.swift; path = AppDelegate.swift; sourceTree = "<group>"; };
		90B6AA8A1F77E82B002C6090 /* Base */ = {isa = PBXFileReference; lastKnownFileType = file.storyboard; name = Base; path = Base.lproj/Main.storyboard; sourceTree = "<group>"; };
		90B6AA8C1F77E82B002C6090 /* Assets.xcassets */ = {isa = PBXFileReference; lastKnownFileType = folder.assetcatalog; path = Assets.xcassets; sourceTree = "<group>"; };
		90B6AA8F1F77E82B002C6090 /* Base */ = {isa = PBXFileReference; lastKnownFileType = file.storyboard; name = Base; path = Base.lproj/LaunchScreen.storyboard; sourceTree = "<group>"; };
		90B6AA911F77E82B002C6090 /* Info.plist */ = {isa = PBXFileReference; lastKnownFileType = text.plist.xml; path = Info.plist; sourceTree = "<group>"; };
		90B6AA961F77E82B002C6090 /* AvatarFromPhotosTests.xctest */ = {isa = PBXFileReference; explicitFileType = wrapper.cfbundle; includeInIndex = 0; path = AvatarFromPhotosTests.xctest; sourceTree = BUILT_PRODUCTS_DIR; };
		90B6AA9A1F77E82B002C6090 /* AvatarFromPhotosTests.swift */ = {isa = PBXFileReference; lastKnownFileType = sourcecode.swift; path = AvatarFromPhotosTests.swift; sourceTree = "<group>"; };
		90B6AA9C1F77E82B002C6090 /* Info.plist */ = {isa = PBXFileReference; lastKnownFileType = text.plist.xml; path = Info.plist; sourceTree = "<group>"; };
		90B6AAA11F77E82C002C6090 /* AvatarFromPhotosUITests.xctest */ = {isa = PBXFileReference; explicitFileType = wrapper.cfbundle; includeInIndex = 0; path = AvatarFromPhotosUITests.xctest; sourceTree = BUILT_PRODUCTS_DIR; };
		90B6AAA51F77E82C002C6090 /* AvatarFromPhotosUITests.swift */ = {isa = PBXFileReference; lastKnownFileType = sourcecode.swift; path = AvatarFromPhotosUITests.swift; sourceTree = "<group>"; };
		90B6AAA71F77E82C002C6090 /* Info.plist */ = {isa = PBXFileReference; lastKnownFileType = text.plist.xml; path = Info.plist; sourceTree = "<group>"; };
		90B6AABA1F77E97A002C6090 /* LSPhotosViewController.swift */ = {isa = PBXFileReference; lastKnownFileType = sourcecode.swift; path = LSPhotosViewController.swift; sourceTree = "<group>"; };
		90B6AABC1F77E992002C6090 /* LSAvatarEditorViewController.swift */ = {isa = PBXFileReference; lastKnownFileType = sourcecode.swift; path = LSAvatarEditorViewController.swift; sourceTree = "<group>"; };
		90B6AAC01F77EE2D002C6090 /* LSMainViewController.swift */ = {isa = PBXFileReference; lastKnownFileType = sourcecode.swift; path = LSMainViewController.swift; sourceTree = "<group>"; };
		90B6AAC51F77EF34002C6090 /* LSAvatarView.swift */ = {isa = PBXFileReference; lastKnownFileType = sourcecode.swift; path = LSAvatarView.swift; sourceTree = "<group>"; };
		90B6AAC71F77EF52002C6090 /* LSPhotoCell.swift */ = {isa = PBXFileReference; lastKnownFileType = sourcecode.swift; path = LSPhotoCell.swift; sourceTree = "<group>"; };
/* End PBXFileReference section */

/* Begin PBXFrameworksBuildPhase section */
		90B6AA7F1F77E82B002C6090 /* Frameworks */ = {
			isa = PBXFrameworksBuildPhase;
			buildActionMask = 2147483647;
			files = (
			);
			runOnlyForDeploymentPostprocessing = 0;
		};
		90B6AA931F77E82B002C6090 /* Frameworks */ = {
			isa = PBXFrameworksBuildPhase;
			buildActionMask = 2147483647;
			files = (
			);
			runOnlyForDeploymentPostprocessing = 0;
		};
		90B6AA9E1F77E82C002C6090 /* Frameworks */ = {
			isa = PBXFrameworksBuildPhase;
			buildActionMask = 2147483647;
			files = (
			);
			runOnlyForDeploymentPostprocessing = 0;
		};
/* End PBXFrameworksBuildPhase section */

/* Begin PBXGroup section */
		90B6AA791F77E82B002C6090 = {
			isa = PBXGroup;
			children = (
				90B6AA841F77E82B002C6090 /* AvatarFromPhotos */,
				90B6AA991F77E82B002C6090 /* AvatarFromPhotosTests */,
				90B6AAA41F77E82C002C6090 /* AvatarFromPhotosUITests */,
				90B6AA831F77E82B002C6090 /* Products */,
			);
			sourceTree = "<group>";
		};
		90B6AA831F77E82B002C6090 /* Products */ = {
			isa = PBXGroup;
			children = (
				90B6AA821F77E82B002C6090 /* AvatarFromPhotos.app */,
				90B6AA961F77E82B002C6090 /* AvatarFromPhotosTests.xctest */,
				90B6AAA11F77E82C002C6090 /* AvatarFromPhotosUITests.xctest */,
			);
			name = Products;
			sourceTree = "<group>";
		};
		90B6AA841F77E82B002C6090 /* AvatarFromPhotos */ = {
			isa = PBXGroup;
			children = (
				90B6AA851F77E82B002C6090 /* AppDelegate.swift */,
				90B6AAC21F77EECF002C6090 /* Views */,
				90B6AAB51F77E891002C6090 /* Controllers */,
				90B6AA891F77E82B002C6090 /* Main.storyboard */,
				90B6AA8C1F77E82B002C6090 /* Assets.xcassets */,
				90B6AA8E1F77E82B002C6090 /* LaunchScreen.storyboard */,
				90B6AA911F77E82B002C6090 /* Info.plist */,
			);
			path = AvatarFromPhotos;
			sourceTree = "<group>";
		};
		90B6AA991F77E82B002C6090 /* AvatarFromPhotosTests */ = {
			isa = PBXGroup;
			children = (
				90B6AA9A1F77E82B002C6090 /* AvatarFromPhotosTests.swift */,
				90B6AA9C1F77E82B002C6090 /* Info.plist */,
			);
			path = AvatarFromPhotosTests;
			sourceTree = "<group>";
		};
		90B6AAA41F77E82C002C6090 /* AvatarFromPhotosUITests */ = {
			isa = PBXGroup;
			children = (
				90B6AAA51F77E82C002C6090 /* AvatarFromPhotosUITests.swift */,
				90B6AAA71F77E82C002C6090 /* Info.plist */,
			);
			path = AvatarFromPhotosUITests;
			sourceTree = "<group>";
		};
		90B6AAB51F77E891002C6090 /* Controllers */ = {
			isa = PBXGroup;
			children = (
				90B6AAC01F77EE2D002C6090 /* LSMainViewController.swift */,
				90B6AABA1F77E97A002C6090 /* LSPhotosViewController.swift */,
				90B6AABC1F77E992002C6090 /* LSAvatarEditorViewController.swift */,
			);
			path = Controllers;
			sourceTree = "<group>";
		};
		90B6AAC21F77EECF002C6090 /* Views */ = {
			isa = PBXGroup;
			children = (
				90B6AAC51F77EF34002C6090 /* LSAvatarView.swift */,
				90B6AAC71F77EF52002C6090 /* LSPhotoCell.swift */,
			);
			path = Views;
			sourceTree = "<group>";
		};
/* End PBXGroup section */

/* Begin PBXNativeTarget section */
		90B6AA811F77E82B002C6090 /* AvatarFromPhotos */ = {
			isa = PBXNativeTarget;
			buildConfigurationList = 90B6AAAA1F77E82C002C6090 /* Build configuration list for PBXNativeTarget "AvatarFromPhotos" */;
			buildPhases = (
				90B6AA7E1F77E82B002C6090 /* Sources */,
				90B6AA7F1F77E82B002C6090 /* Frameworks */,
				90B6AA801F77E82B002C6090 /* Resources */,
			);
			buildRules = (
			);
			dependencies = (
			);
			name = AvatarFromPhotos;
			productName = AvatarFromPhotos;
			productReference = 90B6AA821F77E82B002C6090 /* AvatarFromPhotos.app */;
			productType = "com.apple.product-type.application";
		};
		90B6AA951F77E82B002C6090 /* AvatarFromPhotosTests */ = {
			isa = PBXNativeTarget;
			buildConfigurationList = 90B6AAAD1F77E82C002C6090 /* Build configuration list for PBXNativeTarget "AvatarFromPhotosTests" */;
			buildPhases = (
				90B6AA921F77E82B002C6090 /* Sources */,
				90B6AA931F77E82B002C6090 /* Frameworks */,
				90B6AA941F77E82B002C6090 /* Resources */,
			);
			buildRules = (
			);
			dependencies = (
				90B6AA981F77E82B002C6090 /* PBXTargetDependency */,
			);
			name = AvatarFromPhotosTests;
			productName = AvatarFromPhotosTests;
			productReference = 90B6AA961F77E82B002C6090 /* AvatarFromPhotosTests.xctest */;
			productType = "com.apple.product-type.bundle.unit-test";
		};
		90B6AAA01F77E82C002C6090 /* AvatarFromPhotosUITests */ = {
			isa = PBXNativeTarget;
			buildConfigurationList = 90B6AAB01F77E82C002C6090 /* Build configuration list for PBXNativeTarget "AvatarFromPhotosUITests" */;
			buildPhases = (
				90B6AA9D1F77E82C002C6090 /* Sources */,
				90B6AA9E1F77E82C002C6090 /* Frameworks */,
				90B6AA9F1F77E82C002C6090 /* Resources */,
			);
			buildRules = (
			);
			dependencies = (
				90B6AAA31F77E82C002C6090 /* PBXTargetDependency */,
			);
			name = AvatarFromPhotosUITests;
			productName = AvatarFromPhotosUITests;
			productReference = 90B6AAA11F77E82C002C6090 /* AvatarFromPhotosUITests.xctest */;
			productType = "com.apple.product-type.bundle.ui-testing";
		};
/* End PBXNativeTarget section */

/* Begin PBXProject section */
		90B6AA7A1F77E82B002C6090 /* Project object */ = {
			isa = PBXProject;
			attributes = {
				LastSwiftUpdateCheck = 0900;
				LastUpgradeCheck = 0900;
				ORGANIZATIONNAME = "李森";
				TargetAttributes = {
					90B6AA811F77E82B002C6090 = {
						CreatedOnToolsVersion = 9.0;
						ProvisioningStyle = Automatic;
					};
					90B6AA951F77E82B002C6090 = {
						CreatedOnToolsVersion = 9.0;
						ProvisioningStyle = Automatic;
						TestTargetID = 90B6AA811F77E82B002C6090;
					};
					90B6AAA01F77E82C002C6090 = {
						CreatedOnToolsVersion = 9.0;
						ProvisioningStyle = Automatic;
						TestTargetID = 90B6AA811F77E82B002C6090;
					};
				};
			};
			buildConfigurationList = 90B6AA7D1F77E82B002C6090 /* Build configuration list for PBXProject "AvatarFromPhotos" */;
			compatibilityVersion = "Xcode 8.0";
			developmentRegion = en;
			hasScannedForEncodings = 0;
			knownRegions = (
				en,
				Base,
			);
			mainGroup = 90B6AA791F77E82B002C6090;
			productRefGroup = 90B6AA831F77E82B002C6090 /* Products */;
			projectDirPath = "";
			projectRoot = "";
			targets = (
				90B6AA811F77E82B002C6090 /* AvatarFromPhotos */,
				90B6AA951F77E82B002C6090 /* AvatarFromPhotosTests */,
				90B6AAA01F77E82C002C6090 /* AvatarFromPhotosUITests */,
			);
		};
/* End PBXProject section */

/* Begin PBXResourcesBuildPhase section */
		90B6AA801F77E82B002C6090 /* Resources */ = {
			isa = PBXResourcesBuildPhase;
			buildActionMask = 2147483647;
			files = (
				90B6AA901F77E82B002C6090 /* LaunchScreen.storyboard in Resources */,
				90B6AA8D1F77E82B002C6090 /* Assets.xcassets in Resources */,
				90B6AA8B1F77E82B002C6090 /* Main.storyboard in Resources */,
			);
			runOnlyForDeploymentPostprocessing = 0;
		};
		90B6AA941F77E82B002C6090 /* Resources */ = {
			isa = PBXResourcesBuildPhase;
			buildActionMask = 2147483647;
			files = (
			);
			runOnlyForDeploymentPostprocessing = 0;
		};
		90B6AA9F1F77E82C002C6090 /* Resources */ = {
			isa = PBXResourcesBuildPhase;
			buildActionMask = 2147483647;
			files = (
			);
			runOnlyForDeploymentPostprocessing = 0;
		};
/* End PBXResourcesBuildPhase section */

/* Begin PBXSourcesBuildPhase section */
		90B6AA7E1F77E82B002C6090 /* Sources */ = {
			isa = PBXSourcesBuildPhase;
			buildActionMask = 2147483647;
			files = (
				90B6AAC61F77EF34002C6090 /* LSAvatarView.swift in Sources */,
				90B6AABD1F77E992002C6090 /* LSAvatarEditorViewController.swift in Sources */,
				90B6AAC11F77EE2D002C6090 /* LSMainViewController.swift in Sources */,
				90B6AAC81F77EF52002C6090 /* LSPhotoCell.swift in Sources */,
				90B6AABB1F77E97A002C6090 /* LSPhotosViewController.swift in Sources */,
				90B6AA861F77E82B002C6090 /* AppDelegate.swift in Sources */,
			);
			runOnlyForDeploymentPostprocessing = 0;
		};
		90B6AA921F77E82B002C6090 /* Sources */ = {
			isa = PBXSourcesBuildPhase;
			buildActionMask = 2147483647;
			files = (
				90B6AA9B1F77E82B002C6090 /* AvatarFromPhotosTests.swift in Sources */,
			);
			runOnlyForDeploymentPostprocessing = 0;
		};
		90B6AA9D1F77E82C002C6090 /* Sources */ = {
			isa = PBXSourcesBuildPhase;
			buildActionMask = 2147483647;
			files = (
				90B6AAA61F77E82C002C6090 /* AvatarFromPhotosUITests.swift in Sources */,
			);
			runOnlyForDeploymentPostprocessing = 0;
		};
/* End PBXSourcesBuildPhase section */

/* Begin PBXTargetDependency section */
		90B6AA981F77E82B002C6090 /* PBXTargetDependency */ = {
			isa = PBXTargetDependency;
			target = 90B6AA811F77E82B002C6090 /* AvatarFromPhotos */;
			targetProxy = 90B6AA971F77E82B002C6090 /* PBXContainerItemProxy */;
		};
		90B6AAA31F77E82C002C6090 /* PBXTargetDependency */ = {
			isa = PBXTargetDependency;
			target = 90B6AA811F77E82B002C6090 /* AvatarFromPhotos */;
			targetProxy = 90B6AAA21F77E82C002C6090 /* PBXContainerItemProxy */;
		};
/* End PBXTargetDependency section */

/* Begin PBXVariantGroup section */
		90B6AA891F77E82B002C6090 /* Main.storyboard */ = {
			isa = PBXVariantGroup;
			children = (
				90B6AA8A1F77E82B002C6090 /* Base */,
			);
			name = Main.storyboard;
			sourceTree = "<group>";
		};
		90B6AA8E1F77E82B002C6090 /* LaunchScreen.storyboard */ = {
			isa = PBXVariantGroup;
			children = (
				90B6AA8F1F77E82B002C6090 /* Base */,
			);
			name = LaunchScreen.storyboard;
			sourceTree = "<group>";
		};
/* End PBXVariantGroup section */

/* Begin XCBuildConfiguration section */
		90B6AAA81F77E82C002C6090 /* Debug */ = {
			isa = XCBuildConfiguration;
			buildSettings = {
				ALWAYS_SEARCH_USER_PATHS = NO;
				CLANG_ANALYZER_NONNULL = YES;
				CLANG_ANALYZER_NUMBER_OBJECT_CONVERSION = YES_AGGRESSIVE;
				CLANG_CXX_LANGUAGE_STANDARD = "gnu++14";
				CLANG_CXX_LIBRARY = "libc++";
				CLANG_ENABLE_MODULES = YES;
				CLANG_ENABLE_OBJC_ARC = YES;
				CLANG_WARN_BLOCK_CAPTURE_AUTORELEASING = YES;
				CLANG_WARN_BOOL_CONVERSION = YES;
				CLANG_WARN_COMMA = YES;
				CLANG_WARN_CONSTANT_CONVERSION = YES;
				CLANG_WARN_DIRECT_OBJC_ISA_USAGE = YES_ERROR;
				CLANG_WARN_DOCUMENTATION_COMMENTS = YES;
				CLANG_WARN_EMPTY_BODY = YES;
				CLANG_WARN_ENUM_CONVERSION = YES;
				CLANG_WARN_INFINITE_RECURSION = YES;
				CLANG_WARN_INT_CONVERSION = YES;
				CLANG_WARN_NON_LITERAL_NULL_CONVERSION = YES;
				CLANG_WARN_OBJC_LITERAL_CONVERSION = YES;
				CLANG_WARN_OBJC_ROOT_CLASS = YES_ERROR;
				CLANG_WARN_RANGE_LOOP_ANALYSIS = YES;
				CLANG_WARN_STRICT_PROTOTYPES = YES;
				CLANG_WARN_SUSPICIOUS_MOVE = YES;
				CLANG_WARN_UNGUARDED_AVAILABILITY = YES_AGGRESSIVE;
				CLANG_WARN_UNREACHABLE_CODE = YES;
				CLANG_WARN__DUPLICATE_METHOD_MATCH = YES;
				CODE_SIGN_IDENTITY = "iPhone Developer";
				COPY_PHASE_STRIP = NO;
				DEBUG_INFORMATION_FORMAT = dwarf;
				ENABLE_STRICT_OBJC_MSGSEND = YES;
				ENABLE_TESTABILITY = YES;
				GCC_C_LANGUAGE_STANDARD = gnu11;
				GCC_DYNAMIC_NO_PIC = NO;
				GCC_NO_COMMON_BLOCKS = YES;
				GCC_OPTIMIZATION_LEVEL = 0;
				GCC_PREPROCESSOR_DEFINITIONS = (
					"DEBUG=1",
					"$(inherited)",
				);
				GCC_WARN_64_TO_32_BIT_CONVERSION = YES;
				GCC_WARN_ABOUT_RETURN_TYPE = YES_ERROR;
				GCC_WARN_UNDECLARED_SELECTOR = YES;
				GCC_WARN_UNINITIALIZED_AUTOS = YES_AGGRESSIVE;
				GCC_WARN_UNUSED_FUNCTION = YES;
				GCC_WARN_UNUSED_VARIABLE = YES;
				IPHONEOS_DEPLOYMENT_TARGET = 11.0;
				MTL_ENABLE_DEBUG_INFO = YES;
				ONLY_ACTIVE_ARCH = YES;
				SDKROOT = iphoneos;
				SWIFT_ACTIVE_COMPILATION_CONDITIONS = DEBUG;
				SWIFT_OPTIMIZATION_LEVEL = "-Onone";
			};
			name = Debug;
		};
		90B6AAA91F77E82C002C6090 /* Release */ = {
			isa = XCBuildConfiguration;
			buildSettings = {
				ALWAYS_SEARCH_USER_PATHS = NO;
				CLANG_ANALYZER_NONNULL = YES;
				CLANG_ANALYZER_NUMBER_OBJECT_CONVERSION = YES_AGGRESSIVE;
				CLANG_CXX_LANGUAGE_STANDARD = "gnu++14";
				CLANG_CXX_LIBRARY = "libc++";
				CLANG_ENABLE_MODULES = YES;
				CLANG_ENABLE_OBJC_ARC = YES;
				CLANG_WARN_BLOCK_CAPTURE_AUTORELEASING = YES;
				CLANG_WARN_BOOL_CONVERSION = YES;
				CLANG_WARN_COMMA = YES;
				CLANG_WARN_CONSTANT_CONVERSION = YES;
				CLANG_WARN_DIRECT_OBJC_ISA_USAGE = YES_ERROR;
				CLANG_WARN_DOCUMENTATION_COMMENTS = YES;
				CLANG_WARN_EMPTY_BODY = YES;
				CLANG_WARN_ENUM_CONVERSION = YES;
				CLANG_WARN_INFINITE_RECURSION = YES;
				CLANG_WARN_INT_CONVERSION = YES;
				CLANG_WARN_NON_LITERAL_NULL_CONVERSION = YES;
				CLANG_WARN_OBJC_LITERAL_CONVERSION = YES;
				CLANG_WARN_OBJC_ROOT_CLASS = YES_ERROR;
				CLANG_WARN_RANGE_LOOP_ANALYSIS = YES;
				CLANG_WARN_STRICT_PROTOTYPES = YES;
				CLANG_WARN_SUSPICIOUS_MOVE = YES;
				CLANG_WARN_UNGUARDED_AVAILABILITY = YES_AGGRESSIVE;
				CLANG_WARN_UNREACHABLE_CODE = YES;
				CLANG_WARN__DUPLICATE_METHOD_MATCH = YES;
				CODE_SIGN_IDENTITY = "iPhone Developer";
				COPY_PHASE_STRIP = NO;
				DEBUG_INFORMATION_FORMAT = "dwarf-with-dsym";
				ENABLE_NS_ASSERTIONS = NO;
				ENABLE_STRICT_OBJC_MSGSEND = YES;
				GCC_C_LANGUAGE_STANDARD = gnu11;
				GCC_NO_COMMON_BLOCKS = YES;
				GCC_WARN_64_TO_32_BIT_CONVERSION = YES;
				GCC_WARN_ABOUT_RETURN_TYPE = YES_ERROR;
				GCC_WARN_UNDECLARED_SELECTOR = YES;
				GCC_WARN_UNINITIALIZED_AUTOS = YES_AGGRESSIVE;
				GCC_WARN_UNUSED_FUNCTION = YES;
				GCC_WARN_UNUSED_VARIABLE = YES;
				IPHONEOS_DEPLOYMENT_TARGET = 11.0;
				MTL_ENABLE_DEBUG_INFO = NO;
				SDKROOT = iphoneos;
				SWIFT_OPTIMIZATION_LEVEL = "-Owholemodule";
				VALIDATE_PRODUCT = YES;
			};
			name = Release;
		};
		90B6AAAB1F77E82C002C6090 /* Debug */ = {
			isa = XCBuildConfiguration;
			buildSettings = {
				ASSETCATALOG_COMPILER_APPICON_NAME = AppIcon;
				CODE_SIGN_STYLE = Automatic;
				DEVELOPMENT_TEAM = "";
				INFOPLIST_FILE = AvatarFromPhotos/Info.plist;
				IPHONEOS_DEPLOYMENT_TARGET = 9.0;
				LD_RUNPATH_SEARCH_PATHS = "$(inherited) @executable_path/Frameworks";
				PRODUCT_BUNDLE_IDENTIFIER = LisenAvatarFromPhoto;
				PRODUCT_NAME = "$(TARGET_NAME)";
				SWIFT_VERSION = 4.0;
				TARGETED_DEVICE_FAMILY = "1,2";
			};
			name = Debug;
		};
		90B6AAAC1F77E82C002C6090 /* Release */ = {
			isa = XCBuildConfiguration;
			buildSettings = {
				ASSETCATALOG_COMPILER_APPICON_NAME = AppIcon;
				CODE_SIGN_STYLE = Automatic;
				DEVELOPMENT_TEAM = "";
				INFOPLIST_FILE = AvatarFromPhotos/Info.plist;
				IPHONEOS_DEPLOYMENT_TARGET = 9.0;
				LD_RUNPATH_SEARCH_PATHS = "$(inherited) @executable_path/Frameworks";
				PRODUCT_BUNDLE_IDENTIFIER = LisenAvatarFromPhoto;
				PRODUCT_NAME = "$(TARGET_NAME)";
				SWIFT_VERSION = 4.0;
				TARGETED_DEVICE_FAMILY = "1,2";
			};
			name = Release;
		};
		90B6AAAE1F77E82C002C6090 /* Debug */ = {
			isa = XCBuildConfiguration;
			buildSettings = {
				ALWAYS_EMBED_SWIFT_STANDARD_LIBRARIES = YES;
				BUNDLE_LOADER = "$(TEST_HOST)";
				CODE_SIGN_STYLE = Automatic;
				INFOPLIST_FILE = AvatarFromPhotosTests/Info.plist;
				LD_RUNPATH_SEARCH_PATHS = "$(inherited) @executable_path/Frameworks @loader_path/Frameworks";
				PRODUCT_BUNDLE_IDENTIFIER = Lisen.AvatarFromPhotosTests;
				PRODUCT_NAME = "$(TARGET_NAME)";
				SWIFT_VERSION = 4.0;
				TARGETED_DEVICE_FAMILY = "1,2";
				TEST_HOST = "$(BUILT_PRODUCTS_DIR)/AvatarFromPhotos.app/AvatarFromPhotos";
			};
			name = Debug;
		};
		90B6AAAF1F77E82C002C6090 /* Release */ = {
			isa = XCBuildConfiguration;
			buildSettings = {
				ALWAYS_EMBED_SWIFT_STANDARD_LIBRARIES = YES;
				BUNDLE_LOADER = "$(TEST_HOST)";
				CODE_SIGN_STYLE = Automatic;
				INFOPLIST_FILE = AvatarFromPhotosTests/Info.plist;
				LD_RUNPATH_SEARCH_PATHS = "$(inherited) @executable_path/Frameworks @loader_path/Frameworks";
				PRODUCT_BUNDLE_IDENTIFIER = Lisen.AvatarFromPhotosTests;
				PRODUCT_NAME = "$(TARGET_NAME)";
				SWIFT_VERSION = 4.0;
				TARGETED_DEVICE_FAMILY = "1,2";
				TEST_HOST = "$(BUILT_PRODUCTS_DIR)/AvatarFromPhotos.app/AvatarFromPhotos";
			};
			name = Release;
		};
		90B6AAB11F77E82C002C6090 /* Debug */ = {
			isa = XCBuildConfiguration;
			buildSettings = {
				ALWAYS_EMBED_SWIFT_STANDARD_LIBRARIES = YES;
				CODE_SIGN_STYLE = Automatic;
				INFOPLIST_FILE = AvatarFromPhotosUITests/Info.plist;
				LD_RUNPATH_SEARCH_PATHS = "$(inherited) @executable_path/Frameworks @loader_path/Frameworks";
				PRODUCT_BUNDLE_IDENTIFIER = Lisen.AvatarFromPhotosUITests;
				PRODUCT_NAME = "$(TARGET_NAME)";
				SWIFT_VERSION = 4.0;
				TARGETED_DEVICE_FAMILY = "1,2";
				TEST_TARGET_NAME = AvatarFromPhotos;
			};
			name = Debug;
		};
		90B6AAB21F77E82C002C6090 /* Release */ = {
			isa = XCBuildConfiguration;
			buildSettings = {
				ALWAYS_EMBED_SWIFT_STANDARD_LIBRARIES = YES;
				CODE_SIGN_STYLE = Automatic;
				INFOPLIST_FILE = AvatarFromPhotosUITests/Info.plist;
				LD_RUNPATH_SEARCH_PATHS = "$(inherited) @executable_path/Frameworks @loader_path/Frameworks";
				PRODUCT_BUNDLE_IDENTIFIER = Lisen.AvatarFromPhotosUITests;
				PRODUCT_NAME = "$(TARGET_NAME)";
				SWIFT_VERSION = 4.0;
				TARGETED_DEVICE_FAMILY = "1,2";
				TEST_TARGET_NAME = AvatarFromPhotos;
			};
			name = Release;
		};
/* End XCBuildConfiguration section */

/* Begin XCConfigurationList section */
		90B6AA7D1F77E82B002C6090 /* Build configuration list for PBXProject "AvatarFromPhotos" */ = {
			isa = XCConfigurationList;
			buildConfigurations = (
				90B6AAA81F77E82C002C6090 /* Debug */,
				90B6AAA91F77E82C002C6090 /* Release */,
			);
			defaultConfigurationIsVisible = 0;
			defaultConfigurationName = Release;
		};
		90B6AAAA1F77E82C002C6090 /* Build configuration list for PBXNativeTarget "AvatarFromPhotos" */ = {
			isa = XCConfigurationList;
			buildConfigurations = (
				90B6AAAB1F77E82C002C6090 /* Debug */,
				90B6AAAC1F77E82C002C6090 /* Release */,
			);
			defaultConfigurationIsVisible = 0;
			defaultConfigurationName = Release;
		};
		90B6AAAD1F77E82C002C6090 /* Build configuration list for PBXNativeTarget "AvatarFromPhotosTests" */ = {
			isa = XCConfigurationList;
			buildConfigurations = (
				90B6AAAE1F77E82C002C6090 /* Debug */,
				90B6AAAF1F77E82C002C6090 /* Release */,
			);
			defaultConfigurationIsVisible = 0;
			defaultConfigurationName = Release;
		};
		90B6AAB01F77E82C002C6090 /* Build configuration list for PBXNativeTarget "AvatarFromPhotosUITests" */ = {
			isa = XCConfigurationList;
			buildConfigurations = (
				90B6AAB11F77E82C002C6090 /* Debug */,
				90B6AAB21F77E82C002C6090 /* Release */,
			);
			defaultConfigurationIsVisible = 0;
			defaultConfigurationName = Release;
		};
/* End XCConfigurationList section */
	};
	rootObject = 90B6AA7A1F77E82B002C6090 /* Project object */;
}
