// !$*UTF8*$!
{
	archiveVersion = 1;
	classes = {
	};
	objectVersion = 48;
	objects = {

/* Begin PBXBuildFile section */
		900DD6FA1F8DE80600982D33 /* AppDelegate.swift in Sources */ = {isa = PBXBuildFile; fileRef = 900DD6F91F8DE80600982D33 /* AppDelegate.swift */; };
		900DD6FC1F8DE80600982D33 /* ViewController.swift in Sources */ = {isa = PBXBuildFile; fileRef = 900DD6FB1F8DE80600982D33 /* ViewController.swift */; };
		900DD6FF1F8DE80600982D33 /* Main.storyboard in Resources */ = {isa = PBXBuildFile; fileRef = 900DD6FD1F8DE80600982D33 /* Main.storyboard */; };
		900DD7011F8DE80600982D33 /* Assets.xcassets in Resources */ = {isa = PBXBuildFile; fileRef = 900DD7001F8DE80600982D33 /* Assets.xcassets */; };
		900DD7041F8DE80600982D33 /* LaunchScreen.storyboard in Resources */ = {isa = PBXBuildFile; fileRef = 900DD7021F8DE80600982D33 /* LaunchScreen.storyboard */; };
		900DD70F1F8DE80600982D33 /* _____Tests.swift in Sources */ = {isa = PBXBuildFile; fileRef = 900DD70E1F8DE80600982D33 /* _____Tests.swift */; };
		900DD71A1F8DE80600982D33 /* _____UITests.swift in Sources */ = {isa = PBXBuildFile; fileRef = 900DD7191F8DE80600982D33 /* _____UITests.swift */; };
		900DD7281F8DE82000982D33 /* SecondViewController.swift in Sources */ = {isa = PBXBuildFile; fileRef = 900DD7271F8DE82000982D33 /* SecondViewController.swift */; };
/* End PBXBuildFile section */

/* Begin PBXContainerItemProxy section */
		900DD70B1F8DE80600982D33 /* PBXContainerItemProxy */ = {
			isa = PBXContainerItemProxy;
			containerPortal = 900DD6EE1F8DE80600982D33 /* Project object */;
			proxyType = 1;
			remoteGlobalIDString = 900DD6F51F8DE80600982D33;
			remoteInfo = "交互式转场";
		};
		900DD7161F8DE80600982D33 /* PBXContainerItemProxy */ = {
			isa = PBXContainerItemProxy;
			containerPortal = 900DD6EE1F8DE80600982D33 /* Project object */;
			proxyType = 1;
			remoteGlobalIDString = 900DD6F51F8DE80600982D33;
			remoteInfo = "交互式转场";
		};
/* End PBXContainerItemProxy section */

/* Begin PBXFileReference section */
		900DD6F61F8DE80600982D33 /* 交互式转场.app */ = {isa = PBXFileReference; explicitFileType = wrapper.application; includeInIndex = 0; path = "交互式转场.app"; sourceTree = BUILT_PRODUCTS_DIR; };
		900DD6F91F8DE80600982D33 /* AppDelegate.swift */ = {isa = PBXFileReference; lastKnownFileType = sourcecode.swift; path = AppDelegate.swift; sourceTree = "<group>"; };
		900DD6FB1F8DE80600982D33 /* ViewController.swift */ = {isa = PBXFileReference; lastKnownFileType = sourcecode.swift; path = ViewController.swift; sourceTree = "<group>"; };
		900DD6FE1F8DE80600982D33 /* Base */ = {isa = PBXFileReference; lastKnownFileType = file.storyboard; name = Base; path = Base.lproj/Main.storyboard; sourceTree = "<group>"; };
		900DD7001F8DE80600982D33 /* Assets.xcassets */ = {isa = PBXFileReference; lastKnownFileType = folder.assetcatalog; path = Assets.xcassets; sourceTree = "<group>"; };
		900DD7031F8DE80600982D33 /* Base */ = {isa = PBXFileReference; lastKnownFileType = file.storyboard; name = Base; path = Base.lproj/LaunchScreen.storyboard; sourceTree = "<group>"; };
		900DD7051F8DE80600982D33 /* Info.plist */ = {isa = PBXFileReference; lastKnownFileType = text.plist.xml; path = Info.plist; sourceTree = "<group>"; };
		900DD70A1F8DE80600982D33 /* 交互式转场Tests.xctest */ = {isa = PBXFileReference; explicitFileType = wrapper.cfbundle; includeInIndex = 0; path = "交互式转场Tests.xctest"; sourceTree = BUILT_PRODUCTS_DIR; };
		900DD70E1F8DE80600982D33 /* _____Tests.swift */ = {isa = PBXFileReference; lastKnownFileType = sourcecode.swift; path = "_____Tests.swift"; sourceTree = "<group>"; };
		900DD7101F8DE80600982D33 /* Info.plist */ = {isa = PBXFileReference; lastKnownFileType = text.plist.xml; path = Info.plist; sourceTree = "<group>"; };
		900DD7151F8DE80600982D33 /* 交互式转场UITests.xctest */ = {isa = PBXFileReference; explicitFileType = wrapper.cfbundle; includeInIndex = 0; path = "交互式转场UITests.xctest"; sourceTree = BUILT_PRODUCTS_DIR; };
		900DD7191F8DE80600982D33 /* _____UITests.swift */ = {isa = PBXFileReference; lastKnownFileType = sourcecode.swift; path = "_____UITests.swift"; sourceTree = "<group>"; };
		900DD71B1F8DE80600982D33 /* Info.plist */ = {isa = PBXFileReference; lastKnownFileType = text.plist.xml; path = Info.plist; sourceTree = "<group>"; };
		900DD7271F8DE82000982D33 /* SecondViewController.swift */ = {isa = PBXFileReference; lastKnownFileType = sourcecode.swift; path = SecondViewController.swift; sourceTree = "<group>"; };
/* End PBXFileReference section */

/* Begin PBXFrameworksBuildPhase section */
		900DD6F31F8DE80600982D33 /* Frameworks */ = {
			isa = PBXFrameworksBuildPhase;
			buildActionMask = 2147483647;
			files = (
			);
			runOnlyForDeploymentPostprocessing = 0;
		};
		900DD7071F8DE80600982D33 /* Frameworks */ = {
			isa = PBXFrameworksBuildPhase;
			buildActionMask = 2147483647;
			files = (
			);
			runOnlyForDeploymentPostprocessing = 0;
		};
		900DD7121F8DE80600982D33 /* Frameworks */ = {
			isa = PBXFrameworksBuildPhase;
			buildActionMask = 2147483647;
			files = (
			);
			runOnlyForDeploymentPostprocessing = 0;
		};
/* End PBXFrameworksBuildPhase section */

/* Begin PBXGroup section */
		900DD6ED1F8DE80600982D33 = {
			isa = PBXGroup;
			children = (
				900DD6F81F8DE80600982D33 /* 交互式转场 */,
				900DD70D1F8DE80600982D33 /* 交互式转场Tests */,
				900DD7181F8DE80600982D33 /* 交互式转场UITests */,
				900DD6F71F8DE80600982D33 /* Products */,
			);
			sourceTree = "<group>";
		};
		900DD6F71F8DE80600982D33 /* Products */ = {
			isa = PBXGroup;
			children = (
				900DD6F61F8DE80600982D33 /* 交互式转场.app */,
				900DD70A1F8DE80600982D33 /* 交互式转场Tests.xctest */,
				900DD7151F8DE80600982D33 /* 交互式转场UITests.xctest */,
			);
			name = Products;
			sourceTree = "<group>";
		};
		900DD6F81F8DE80600982D33 /* 交互式转场 */ = {
			isa = PBXGroup;
			children = (
				900DD6F91F8DE80600982D33 /* AppDelegate.swift */,
				900DD6FB1F8DE80600982D33 /* ViewController.swift */,
				900DD7271F8DE82000982D33 /* SecondViewController.swift */,
				900DD6FD1F8DE80600982D33 /* Main.storyboard */,
				900DD7001F8DE80600982D33 /* Assets.xcassets */,
				900DD7021F8DE80600982D33 /* LaunchScreen.storyboard */,
				900DD7051F8DE80600982D33 /* Info.plist */,
			);
			path = "交互式转场";
			sourceTree = "<group>";
		};
		900DD70D1F8DE80600982D33 /* 交互式转场Tests */ = {
			isa = PBXGroup;
			children = (
				900DD70E1F8DE80600982D33 /* _____Tests.swift */,
				900DD7101F8DE80600982D33 /* Info.plist */,
			);
			path = "交互式转场Tests";
			sourceTree = "<group>";
		};
		900DD7181F8DE80600982D33 /* 交互式转场UITests */ = {
			isa = PBXGroup;
			children = (
				900DD7191F8DE80600982D33 /* _____UITests.swift */,
				900DD71B1F8DE80600982D33 /* Info.plist */,
			);
			path = "交互式转场UITests";
			sourceTree = "<group>";
		};
/* End PBXGroup section */

/* Begin PBXNativeTarget section */
		900DD6F51F8DE80600982D33 /* 交互式转场 */ = {
			isa = PBXNativeTarget;
			buildConfigurationList = 900DD71E1F8DE80600982D33 /* Build configuration list for PBXNativeTarget "交互式转场" */;
			buildPhases = (
				900DD6F21F8DE80600982D33 /* Sources */,
				900DD6F31F8DE80600982D33 /* Frameworks */,
				900DD6F41F8DE80600982D33 /* Resources */,
			);
			buildRules = (
			);
			dependencies = (
			);
			name = "交互式转场";
			productName = "交互式转场";
			productReference = 900DD6F61F8DE80600982D33 /* 交互式转场.app */;
			productType = "com.apple.product-type.application";
		};
		900DD7091F8DE80600982D33 /* 交互式转场Tests */ = {
			isa = PBXNativeTarget;
			buildConfigurationList = 900DD7211F8DE80600982D33 /* Build configuration list for PBXNativeTarget "交互式转场Tests" */;
			buildPhases = (
				900DD7061F8DE80600982D33 /* Sources */,
				900DD7071F8DE80600982D33 /* Frameworks */,
				900DD7081F8DE80600982D33 /* Resources */,
			);
			buildRules = (
			);
			dependencies = (
				900DD70C1F8DE80600982D33 /* PBXTargetDependency */,
			);
			name = "交互式转场Tests";
			productName = "交互式转场Tests";
			productReference = 900DD70A1F8DE80600982D33 /* 交互式转场Tests.xctest */;
			productType = "com.apple.product-type.bundle.unit-test";
		};
		900DD7141F8DE80600982D33 /* 交互式转场UITests */ = {
			isa = PBXNativeTarget;
			buildConfigurationList = 900DD7241F8DE80600982D33 /* Build configuration list for PBXNativeTarget "交互式转场UITests" */;
			buildPhases = (
				900DD7111F8DE80600982D33 /* Sources */,
				900DD7121F8DE80600982D33 /* Frameworks */,
				900DD7131F8DE80600982D33 /* Resources */,
			);
			buildRules = (
			);
			dependencies = (
				900DD7171F8DE80600982D33 /* PBXTargetDependency */,
			);
			name = "交互式转场UITests";
			productName = "交互式转场UITests";
			productReference = 900DD7151F8DE80600982D33 /* 交互式转场UITests.xctest */;
			productType = "com.apple.product-type.bundle.ui-testing";
		};
/* End PBXNativeTarget section */

/* Begin PBXProject section */
		900DD6EE1F8DE80600982D33 /* Project object */ = {
			isa = PBXProject;
			attributes = {
				LastSwiftUpdateCheck = 0900;
				LastUpgradeCheck = 0900;
				ORGANIZATIONNAME = "李森";
				TargetAttributes = {
					900DD6F51F8DE80600982D33 = {
						CreatedOnToolsVersion = 9.0;
						ProvisioningStyle = Automatic;
					};
					900DD7091F8DE80600982D33 = {
						CreatedOnToolsVersion = 9.0;
						ProvisioningStyle = Automatic;
						TestTargetID = 900DD6F51F8DE80600982D33;
					};
					900DD7141F8DE80600982D33 = {
						CreatedOnToolsVersion = 9.0;
						ProvisioningStyle = Automatic;
						TestTargetID = 900DD6F51F8DE80600982D33;
					};
				};
			};
			buildConfigurationList = 900DD6F11F8DE80600982D33 /* Build configuration list for PBXProject "交互式转场" */;
			compatibilityVersion = "Xcode 8.0";
			developmentRegion = en;
			hasScannedForEncodings = 0;
			knownRegions = (
				en,
				Base,
			);
			mainGroup = 900DD6ED1F8DE80600982D33;
			productRefGroup = 900DD6F71F8DE80600982D33 /* Products */;
			projectDirPath = "";
			projectRoot = "";
			targets = (
				900DD6F51F8DE80600982D33 /* 交互式转场 */,
				900DD7091F8DE80600982D33 /* 交互式转场Tests */,
				900DD7141F8DE80600982D33 /* 交互式转场UITests */,
			);
		};
/* End PBXProject section */

/* Begin PBXResourcesBuildPhase section */
		900DD6F41F8DE80600982D33 /* Resources */ = {
			isa = PBXResourcesBuildPhase;
			buildActionMask = 2147483647;
			files = (
				900DD7041F8DE80600982D33 /* LaunchScreen.storyboard in Resources */,
				900DD7011F8DE80600982D33 /* Assets.xcassets in Resources */,
				900DD6FF1F8DE80600982D33 /* Main.storyboard in Resources */,
			);
			runOnlyForDeploymentPostprocessing = 0;
		};
		900DD7081F8DE80600982D33 /* Resources */ = {
			isa = PBXResourcesBuildPhase;
			buildActionMask = 2147483647;
			files = (
			);
			runOnlyForDeploymentPostprocessing = 0;
		};
		900DD7131F8DE80600982D33 /* Resources */ = {
			isa = PBXResourcesBuildPhase;
			buildActionMask = 2147483647;
			files = (
			);
			runOnlyForDeploymentPostprocessing = 0;
		};
/* End PBXResourcesBuildPhase section */

/* Begin PBXSourcesBuildPhase section */
		900DD6F21F8DE80600982D33 /* Sources */ = {
			isa = PBXSourcesBuildPhase;
			buildActionMask = 2147483647;
			files = (
				900DD7281F8DE82000982D33 /* SecondViewController.swift in Sources */,
				900DD6FC1F8DE80600982D33 /* ViewController.swift in Sources */,
				900DD6FA1F8DE80600982D33 /* AppDelegate.swift in Sources */,
			);
			runOnlyForDeploymentPostprocessing = 0;
		};
		900DD7061F8DE80600982D33 /* Sources */ = {
			isa = PBXSourcesBuildPhase;
			buildActionMask = 2147483647;
			files = (
				900DD70F1F8DE80600982D33 /* _____Tests.swift in Sources */,
			);
			runOnlyForDeploymentPostprocessing = 0;
		};
		900DD7111F8DE80600982D33 /* Sources */ = {
			isa = PBXSourcesBuildPhase;
			buildActionMask = 2147483647;
			files = (
				900DD71A1F8DE80600982D33 /* _____UITests.swift in Sources */,
			);
			runOnlyForDeploymentPostprocessing = 0;
		};
/* End PBXSourcesBuildPhase section */

/* Begin PBXTargetDependency section */
		900DD70C1F8DE80600982D33 /* PBXTargetDependency */ = {
			isa = PBXTargetDependency;
			target = 900DD6F51F8DE80600982D33 /* 交互式转场 */;
			targetProxy = 900DD70B1F8DE80600982D33 /* PBXContainerItemProxy */;
		};
		900DD7171F8DE80600982D33 /* PBXTargetDependency */ = {
			isa = PBXTargetDependency;
			target = 900DD6F51F8DE80600982D33 /* 交互式转场 */;
			targetProxy = 900DD7161F8DE80600982D33 /* PBXContainerItemProxy */;
		};
/* End PBXTargetDependency section */

/* Begin PBXVariantGroup section */
		900DD6FD1F8DE80600982D33 /* Main.storyboard */ = {
			isa = PBXVariantGroup;
			children = (
				900DD6FE1F8DE80600982D33 /* Base */,
			);
			name = Main.storyboard;
			sourceTree = "<group>";
		};
		900DD7021F8DE80600982D33 /* LaunchScreen.storyboard */ = {
			isa = PBXVariantGroup;
			children = (
				900DD7031F8DE80600982D33 /* Base */,
			);
			name = LaunchScreen.storyboard;
			sourceTree = "<group>";
		};
/* End PBXVariantGroup section */

/* Begin XCBuildConfiguration section */
		900DD71C1F8DE80600982D33 /* Debug */ = {
			isa = XCBuildConfiguration;
			buildSettings = {
				ALWAYS_SEARCH_USER_PATHS = NO;
				CLANG_ANALYZER_NONNULL = YES;
				CLANG_ANALYZER_NUMBER_OBJECT_CONVERSION = YES_AGGRESSIVE;
				CLANG_CXX_LANGUAGE_STANDARD = "gnu++14";
				CLANG_CXX_LIBRARY = "libc++";
				CLANG_ENABLE_MODULES = YES;
				CLANG_ENABLE_OBJC_ARC = YES;
				CLANG_WARN_BLOCK_CAPTURE_AUTORELEASING = YES;
				CLANG_WARN_BOOL_CONVERSION = YES;
				CLANG_WARN_COMMA = YES;
				CLANG_WARN_CONSTANT_CONVERSION = YES;
				CLANG_WARN_DIRECT_OBJC_ISA_USAGE = YES_ERROR;
				CLANG_WARN_DOCUMENTATION_COMMENTS = YES;
				CLANG_WARN_EMPTY_BODY = YES;
				CLANG_WARN_ENUM_CONVERSION = YES;
				CLANG_WARN_INFINITE_RECURSION = YES;
				CLANG_WARN_INT_CONVERSION = YES;
				CLANG_WARN_NON_LITERAL_NULL_CONVERSION = YES;
				CLANG_WARN_OBJC_LITERAL_CONVERSION = YES;
				CLANG_WARN_OBJC_ROOT_CLASS = YES_ERROR;
				CLANG_WARN_RANGE_LOOP_ANALYSIS = YES;
				CLANG_WARN_STRICT_PROTOTYPES = YES;
				CLANG_WARN_SUSPICIOUS_MOVE = YES;
				CLANG_WARN_UNGUARDED_AVAILABILITY = YES_AGGRESSIVE;
				CLANG_WARN_UNREACHABLE_CODE = YES;
				CLANG_WARN__DUPLICATE_METHOD_MATCH = YES;
				CODE_SIGN_IDENTITY = "iPhone Developer";
				COPY_PHASE_STRIP = NO;
				DEBUG_INFORMATION_FORMAT = dwarf;
				ENABLE_STRICT_OBJC_MSGSEND = YES;
				ENABLE_TESTABILITY = YES;
				GCC_C_LANGUAGE_STANDARD = gnu11;
				GCC_DYNAMIC_NO_PIC = NO;
				GCC_NO_COMMON_BLOCKS = YES;
				GCC_OPTIMIZATION_LEVEL = 0;
				GCC_PREPROCESSOR_DEFINITIONS = (
					"DEBUG=1",
					"$(inherited)",
				);
				GCC_WARN_64_TO_32_BIT_CONVERSION = YES;
				GCC_WARN_ABOUT_RETURN_TYPE = YES_ERROR;
				GCC_WARN_UNDECLARED_SELECTOR = YES;
				GCC_WARN_UNINITIALIZED_AUTOS = YES_AGGRESSIVE;
				GCC_WARN_UNUSED_FUNCTION = YES;
				GCC_WARN_UNUSED_VARIABLE = YES;
				IPHONEOS_DEPLOYMENT_TARGET = 11.0;
				MTL_ENABLE_DEBUG_INFO = YES;
				ONLY_ACTIVE_ARCH = YES;
				SDKROOT = iphoneos;
				SWIFT_ACTIVE_COMPILATION_CONDITIONS = DEBUG;
				SWIFT_OPTIMIZATION_LEVEL = "-Onone";
			};
			name = Debug;
		};
		900DD71D1F8DE80600982D33 /* Release */ = {
			isa = XCBuildConfiguration;
			buildSettings = {
				ALWAYS_SEARCH_USER_PATHS = NO;
				CLANG_ANALYZER_NONNULL = YES;
				CLANG_ANALYZER_NUMBER_OBJECT_CONVERSION = YES_AGGRESSIVE;
				CLANG_CXX_LANGUAGE_STANDARD = "gnu++14";
				CLANG_CXX_LIBRARY = "libc++";
				CLANG_ENABLE_MODULES = YES;
				CLANG_ENABLE_OBJC_ARC = YES;
				CLANG_WARN_BLOCK_CAPTURE_AUTORELEASING = YES;
				CLANG_WARN_BOOL_CONVERSION = YES;
				CLANG_WARN_COMMA = YES;
				CLANG_WARN_CONSTANT_CONVERSION = YES;
				CLANG_WARN_DIRECT_OBJC_ISA_USAGE = YES_ERROR;
				CLANG_WARN_DOCUMENTATION_COMMENTS = YES;
				CLANG_WARN_EMPTY_BODY = YES;
				CLANG_WARN_ENUM_CONVERSION = YES;
				CLANG_WARN_INFINITE_RECURSION = YES;
				CLANG_WARN_INT_CONVERSION = YES;
				CLANG_WARN_NON_LITERAL_NULL_CONVERSION = YES;
				CLANG_WARN_OBJC_LITERAL_CONVERSION = YES;
				CLANG_WARN_OBJC_ROOT_CLASS = YES_ERROR;
				CLANG_WARN_RANGE_LOOP_ANALYSIS = YES;
				CLANG_WARN_STRICT_PROTOTYPES = YES;
				CLANG_WARN_SUSPICIOUS_MOVE = YES;
				CLANG_WARN_UNGUARDED_AVAILABILITY = YES_AGGRESSIVE;
				CLANG_WARN_UNREACHABLE_CODE = YES;
				CLANG_WARN__DUPLICATE_METHOD_MATCH = YES;
				CODE_SIGN_IDENTITY = "iPhone Developer";
				COPY_PHASE_STRIP = NO;
				DEBUG_INFORMATION_FORMAT = "dwarf-with-dsym";
				ENABLE_NS_ASSERTIONS = NO;
				ENABLE_STRICT_OBJC_MSGSEND = YES;
				GCC_C_LANGUAGE_STANDARD = gnu11;
				GCC_NO_COMMON_BLOCKS = YES;
				GCC_WARN_64_TO_32_BIT_CONVERSION = YES;
				GCC_WARN_ABOUT_RETURN_TYPE = YES_ERROR;
				GCC_WARN_UNDECLARED_SELECTOR = YES;
				GCC_WARN_UNINITIALIZED_AUTOS = YES_AGGRESSIVE;
				GCC_WARN_UNUSED_FUNCTION = YES;
				GCC_WARN_UNUSED_VARIABLE = YES;
				IPHONEOS_DEPLOYMENT_TARGET = 11.0;
				MTL_ENABLE_DEBUG_INFO = NO;
				SDKROOT = iphoneos;
				SWIFT_OPTIMIZATION_LEVEL = "-Owholemodule";
				VALIDATE_PRODUCT = YES;
			};
			name = Release;
		};
		900DD71F1F8DE80600982D33 /* Debug */ = {
			isa = XCBuildConfiguration;
			buildSettings = {
				ASSETCATALOG_COMPILER_APPICON_NAME = AppIcon;
				CODE_SIGN_STYLE = Automatic;
				INFOPLIST_FILE = "交互式转场/Info.plist";
				LD_RUNPATH_SEARCH_PATHS = "$(inherited) @executable_path/Frameworks";
				PRODUCT_BUNDLE_IDENTIFIER = "Lisen.-----";
				PRODUCT_NAME = "$(TARGET_NAME)";
				SWIFT_VERSION = 4.0;
				TARGETED_DEVICE_FAMILY = "1,2";
			};
			name = Debug;
		};
		900DD7201F8DE80600982D33 /* Release */ = {
			isa = XCBuildConfiguration;
			buildSettings = {
				ASSETCATALOG_COMPILER_APPICON_NAME = AppIcon;
				CODE_SIGN_STYLE = Automatic;
				INFOPLIST_FILE = "交互式转场/Info.plist";
				LD_RUNPATH_SEARCH_PATHS = "$(inherited) @executable_path/Frameworks";
				PRODUCT_BUNDLE_IDENTIFIER = "Lisen.-----";
				PRODUCT_NAME = "$(TARGET_NAME)";
				SWIFT_VERSION = 4.0;
				TARGETED_DEVICE_FAMILY = "1,2";
			};
			name = Release;
		};
		900DD7221F8DE80600982D33 /* Debug */ = {
			isa = XCBuildConfiguration;
			buildSettings = {
				ALWAYS_EMBED_SWIFT_STANDARD_LIBRARIES = YES;
				BUNDLE_LOADER = "$(TEST_HOST)";
				CODE_SIGN_STYLE = Automatic;
				INFOPLIST_FILE = "交互式转场Tests/Info.plist";
				LD_RUNPATH_SEARCH_PATHS = "$(inherited) @executable_path/Frameworks @loader_path/Frameworks";
				PRODUCT_BUNDLE_IDENTIFIER = "Lisen.-----Tests";
				PRODUCT_NAME = "$(TARGET_NAME)";
				SWIFT_VERSION = 4.0;
				TARGETED_DEVICE_FAMILY = "1,2";
				TEST_HOST = "$(BUILT_PRODUCTS_DIR)/交互式转场.app/交互式转场";
			};
			name = Debug;
		};
		900DD7231F8DE80600982D33 /* Release */ = {
			isa = XCBuildConfiguration;
			buildSettings = {
				ALWAYS_EMBED_SWIFT_STANDARD_LIBRARIES = YES;
				BUNDLE_LOADER = "$(TEST_HOST)";
				CODE_SIGN_STYLE = Automatic;
				INFOPLIST_FILE = "交互式转场Tests/Info.plist";
				LD_RUNPATH_SEARCH_PATHS = "$(inherited) @executable_path/Frameworks @loader_path/Frameworks";
				PRODUCT_BUNDLE_IDENTIFIER = "Lisen.-----Tests";
				PRODUCT_NAME = "$(TARGET_NAME)";
				SWIFT_VERSION = 4.0;
				TARGETED_DEVICE_FAMILY = "1,2";
				TEST_HOST = "$(BUILT_PRODUCTS_DIR)/交互式转场.app/交互式转场";
			};
			name = Release;
		};
		900DD7251F8DE80600982D33 /* Debug */ = {
			isa = XCBuildConfiguration;
			buildSettings = {
				ALWAYS_EMBED_SWIFT_STANDARD_LIBRARIES = YES;
				CODE_SIGN_STYLE = Automatic;
				INFOPLIST_FILE = "交互式转场UITests/Info.plist";
				LD_RUNPATH_SEARCH_PATHS = "$(inherited) @executable_path/Frameworks @loader_path/Frameworks";
				PRODUCT_BUNDLE_IDENTIFIER = "Lisen.-----UITests";
				PRODUCT_NAME = "$(TARGET_NAME)";
				SWIFT_VERSION = 4.0;
				TARGETED_DEVICE_FAMILY = "1,2";
				TEST_TARGET_NAME = "交互式转场";
			};
			name = Debug;
		};
		900DD7261F8DE80600982D33 /* Release */ = {
			isa = XCBuildConfiguration;
			buildSettings = {
				ALWAYS_EMBED_SWIFT_STANDARD_LIBRARIES = YES;
				CODE_SIGN_STYLE = Automatic;
				INFOPLIST_FILE = "交互式转场UITests/Info.plist";
				LD_RUNPATH_SEARCH_PATHS = "$(inherited) @executable_path/Frameworks @loader_path/Frameworks";
				PRODUCT_BUNDLE_IDENTIFIER = "Lisen.-----UITests";
				PRODUCT_NAME = "$(TARGET_NAME)";
				SWIFT_VERSION = 4.0;
				TARGETED_DEVICE_FAMILY = "1,2";
				TEST_TARGET_NAME = "交互式转场";
			};
			name = Release;
		};
/* End XCBuildConfiguration section */

/* Begin XCConfigurationList section */
		900DD6F11F8DE80600982D33 /* Build configuration list for PBXProject "交互式转场" */ = {
			isa = XCConfigurationList;
			buildConfigurations = (
				900DD71C1F8DE80600982D33 /* Debug */,
				900DD71D1F8DE80600982D33 /* Release */,
			);
			defaultConfigurationIsVisible = 0;
			defaultConfigurationName = Release;
		};
		900DD71E1F8DE80600982D33 /* Build configuration list for PBXNativeTarget "交互式转场" */ = {
			isa = XCConfigurationList;
			buildConfigurations = (
				900DD71F1F8DE80600982D33 /* Debug */,
				900DD7201F8DE80600982D33 /* Release */,
			);
			defaultConfigurationIsVisible = 0;
			defaultConfigurationName = Release;
		};
		900DD7211F8DE80600982D33 /* Build configuration list for PBXNativeTarget "交互式转场Tests" */ = {
			isa = XCConfigurationList;
			buildConfigurations = (
				900DD7221F8DE80600982D33 /* Debug */,
				900DD7231F8DE80600982D33 /* Release */,
			);
			defaultConfigurationIsVisible = 0;
			defaultConfigurationName = Release;
		};
		900DD7241F8DE80600982D33 /* Build configuration list for PBXNativeTarget "交互式转场UITests" */ = {
			isa = XCConfigurationList;
			buildConfigurations = (
				900DD7251F8DE80600982D33 /* Debug */,
				900DD7261F8DE80600982D33 /* Release */,
			);
			defaultConfigurationIsVisible = 0;
			defaultConfigurationName = Release;
		};
/* End XCConfigurationList section */
	};
	rootObject = 900DD6EE1F8DE80600982D33 /* Project object */;
}
